
Microsoft Visual Studio Solution File, Format Version 12.00
# Visual Studio Version 17
VisualStudioVersion = 17.4.33213.308
MinimumVisualStudioVersion = 10.0.40219.1
Project("{FAE04EC0-301F-11D3-BF4B-00C04F79EFBC}") = "Les2", "Les2.csproj", "{D674987D-20E7-4A58-98A7-388EA4FCE39C}"
EndProject
Global
	GlobalSection(SolutionConfigurationPlatforms) = preSolution
		Debug|Any CPU = Debug|Any CPU
		Release|Any CPU = Release|Any CPU
	EndGlobalSection
	GlobalSection(ProjectConfigurationPlatforms) = postSolution
		{D674987D-20E7-4A58-98A7-388EA4FCE39C}.Debug|Any CPU.ActiveCfg = Debug|Any CPU
		{D674987D-20E7-4A58-98A7-388EA4FCE39C}.Debug|Any CPU.Build.0 = Debug|Any CPU
		{D674987D-20E7-4A58-98A7-388EA4FCE39C}.Release|Any CPU.ActiveCfg = Release|Any CPU
		{D674987D-20E7-4A58-98A7-388EA4FCE39C}.Release|Any CPU.Build.0 = Release|Any CPU
	EndGlobalSection
	GlobalSection(SolutionProperties) = preSolution
		HideSolutionNode = FALSE
	EndGlobalSection
	GlobalSection(ExtensibilityGlobals) = postSolution
		SolutionGuid = {D10C70F2-0C36-4AFC-964D-BA00199DDE3F}
	EndGlobalSection
EndGlobal
